
Microsoft Visual Studio Solution File, Format Version 12.00
# Visual Studio Version 16
VisualStudioVersion = 16.0.31515.178
MinimumVisualStudioVersion = 10.0.40219.1
Project("{8BC9CEB8-8B4A-11D0-8D11-00A0C91BC942}") = "CopilotControl", "CopilotControl.vcxproj", "{84F101F9-1153-4ACF-BB25-01932ADA8B5F}"
EndProject
Global
	GlobalSection(SolutionConfigurationPlatforms) = preSolution
		Debug|x64 = Debug|x64
		Release|x64 = Release|x64
	EndGlobalSection
	GlobalSection(ProjectConfigurationPlatforms) = postSolution
		{84F101F9-1153-4ACF-BB25-01932ADA8B5F}.Debug|x64.ActiveCfg = Debug|x64
		{84F101F9-1153-4ACF-BB25-01932ADA8B5F}.Debug|x64.Build.0 = Debug|x64
		{84F101F9-1153-4ACF-BB25-01932ADA8B5F}.Release|x64.ActiveCfg = Release|x64
		{84F101F9-1153-4ACF-BB25-01932ADA8B5F}.Release|x64.Build.0 = Release|x64
	EndGlobalSection
	GlobalSection(SolutionProperties) = preSolution
		HideSolutionNode = FALSE
	EndGlobalSection
	GlobalSection(ExtensibilityGlobals) = postSolution
		SolutionGuid = {89803C40-9423-449B-A558-51CACBFD93A0}
	EndGlobalSection
EndGlobal
